
Microsoft Visual Studio Solution File, Format Version 12.00
# Visual Studio Version 17
VisualStudioVersion = 17.1.32210.238
MinimumVisualStudioVersion = 10.0.40219.1
Project("{FAE04EC0-301F-11D3-BF4B-00C04F79EFBC}") = "CoinToss", "CoinToss\CoinToss.csproj", "{74E4AB1D-BC6C-4B68-A2CC-3BC745968545}"
EndProject
Global
	GlobalSection(SolutionConfigurationPlatforms) = preSolution
		Debug|Any CPU = Debug|Any CPU
		Release|Any CPU = Release|Any CPU
	EndGlobalSection
	GlobalSection(ProjectConfigurationPlatforms) = postSolution
		{74E4AB1D-BC6C-4B68-A2CC-3BC745968545}.Debug|Any CPU.ActiveCfg = Debug|Any CPU
		{74E4AB1D-BC6C-4B68-A2CC-3BC745968545}.Debug|Any CPU.Build.0 = Debug|Any CPU
		{74E4AB1D-BC6C-4B68-A2CC-3BC745968545}.Release|Any CPU.ActiveCfg = Release|Any CPU
		{74E4AB1D-BC6C-4B68-A2CC-3BC745968545}.Release|Any CPU.Build.0 = Release|Any CPU
	EndGlobalSection
	GlobalSection(SolutionProperties) = preSolution
		HideSolutionNode = FALSE
	EndGlobalSection
	GlobalSection(ExtensibilityGlobals) = postSolution
		SolutionGuid = {2E73649E-F54E-4F80-9785-A320705663F7}
	EndGlobalSection
EndGlobal
